
Microsoft Visual Studio Solution File, Format Version 12.00
# Visual Studio Version 17
VisualStudioVersion = 17.4.33213.308
MinimumVisualStudioVersion = 10.0.40219.1
Project("{9A19103F-16F7-4668-BE54-9A1E7A4F7556}") = "MountNFS", "MountNFS\MountNFS.csproj", "{D0B46350-B3F1-499A-A440-3BA888C4304E}"
EndProject
Project("{9A19103F-16F7-4668-BE54-9A1E7A4F7556}") = "AutomationLib", "AutomationLib\AutomationLib.csproj", "{C297AA1E-A565-47CD-A9FC-6FE288BE0A33}"
EndProject
Project("{9A19103F-16F7-4668-BE54-9A1E7A4F7556}") = "StartUp", "StartUp\StartUp.csproj", "{C79EB284-CA3D-444D-9036-85B663651C13}"
EndProject
Project("{9A19103F-16F7-4668-BE54-9A1E7A4F7556}") = "JCNET", "..\video\JCNET\JCNET.csproj", "{5003B506-3D18-4AF1-B1CB-C8EF2597B1EB}"
EndProject
Global
	GlobalSection(SolutionConfigurationPlatforms) = preSolution
		Debug|Any CPU = Debug|Any CPU
		Release|Any CPU = Release|Any CPU
	EndGlobalSection
	GlobalSection(ProjectConfigurationPlatforms) = postSolution
		{D0B46350-B3F1-499A-A440-3BA888C4304E}.Debug|Any CPU.ActiveCfg = Debug|Any CPU
		{D0B46350-B3F1-499A-A440-3BA888C4304E}.Debug|Any CPU.Build.0 = Debug|Any CPU
		{D0B46350-B3F1-499A-A440-3BA888C4304E}.Release|Any CPU.ActiveCfg = Release|Any CPU
		{D0B46350-B3F1-499A-A440-3BA888C4304E}.Release|Any CPU.Build.0 = Release|Any CPU
		{C297AA1E-A565-47CD-A9FC-6FE288BE0A33}.Debug|Any CPU.ActiveCfg = Debug|Any CPU
		{C297AA1E-A565-47CD-A9FC-6FE288BE0A33}.Debug|Any CPU.Build.0 = Debug|Any CPU
		{C297AA1E-A565-47CD-A9FC-6FE288BE0A33}.Release|Any CPU.ActiveCfg = Release|Any CPU
		{C297AA1E-A565-47CD-A9FC-6FE288BE0A33}.Release|Any CPU.Build.0 = Release|Any CPU
		{C79EB284-CA3D-444D-9036-85B663651C13}.Debug|Any CPU.ActiveCfg = Debug|Any CPU
		{C79EB284-CA3D-444D-9036-85B663651C13}.Debug|Any CPU.Build.0 = Debug|Any CPU
		{C79EB284-CA3D-444D-9036-85B663651C13}.Release|Any CPU.ActiveCfg = Release|Any CPU
		{C79EB284-CA3D-444D-9036-85B663651C13}.Release|Any CPU.Build.0 = Release|Any CPU
		{5003B506-3D18-4AF1-B1CB-C8EF2597B1EB}.Debug|Any CPU.ActiveCfg = Debug|Any CPU
		{5003B506-3D18-4AF1-B1CB-C8EF2597B1EB}.Debug|Any CPU.Build.0 = Debug|Any CPU
		{5003B506-3D18-4AF1-B1CB-C8EF2597B1EB}.Release|Any CPU.ActiveCfg = Release|Any CPU
		{5003B506-3D18-4AF1-B1CB-C8EF2597B1EB}.Release|Any CPU.Build.0 = Release|Any CPU
	EndGlobalSection
	GlobalSection(SolutionProperties) = preSolution
		HideSolutionNode = FALSE
	EndGlobalSection
	GlobalSection(ExtensibilityGlobals) = postSolution
		SolutionGuid = {FE1D731B-853E-4460-92B4-326CD485A976}
	EndGlobalSection
EndGlobal
